
Microsoft Visual Studio Solution File, Format Version 12.00
# Visual Studio Version 16
VisualStudioVersion = 16.0.30523.141
MinimumVisualStudioVersion = 10.0.40219.1
Project("{FAE04EC0-301F-11D3-BF4B-00C04F79EFBC}") = "Obonator.Library", "Obonator.Library\Obonator.Library.csproj", "{759DCAE7-7539-4D02-91CD-31CE0C9C58BF}"
EndProject
Project("{FAE04EC0-301F-11D3-BF4B-00C04F79EFBC}") = "Obonator.ConsoleTest", "Obonator.ConsoleTest\Obonator.ConsoleTest.csproj", "{8CCE3B55-1240-48BB-8CE8-19644A523A75}"
EndProject
Global
	GlobalSection(SolutionConfigurationPlatforms) = preSolution
		Debug|Any CPU = Debug|Any CPU
		Release|Any CPU = Release|Any CPU
	EndGlobalSection
	GlobalSection(ProjectConfigurationPlatforms) = postSolution
		{759DCAE7-7539-4D02-91CD-31CE0C9C58BF}.Debug|Any CPU.ActiveCfg = Debug|Any CPU
		{759DCAE7-7539-4D02-91CD-31CE0C9C58BF}.Debug|Any CPU.Build.0 = Debug|Any CPU
		{759DCAE7-7539-4D02-91CD-31CE0C9C58BF}.Release|Any CPU.ActiveCfg = Release|Any CPU
		{759DCAE7-7539-4D02-91CD-31CE0C9C58BF}.Release|Any CPU.Build.0 = Release|Any CPU
		{8CCE3B55-1240-48BB-8CE8-19644A523A75}.Debug|Any CPU.ActiveCfg = Debug|Any CPU
		{8CCE3B55-1240-48BB-8CE8-19644A523A75}.Debug|Any CPU.Build.0 = Debug|Any CPU
		{8CCE3B55-1240-48BB-8CE8-19644A523A75}.Release|Any CPU.ActiveCfg = Release|Any CPU
		{8CCE3B55-1240-48BB-8CE8-19644A523A75}.Release|Any CPU.Build.0 = Release|Any CPU
	EndGlobalSection
	GlobalSection(SolutionProperties) = preSolution
		HideSolutionNode = FALSE
	EndGlobalSection
	GlobalSection(ExtensibilityGlobals) = postSolution
		SolutionGuid = {E3B46A6E-6DE0-496F-BFCC-3CD655C327FC}
	EndGlobalSection
EndGlobal
